lockfileVersion: '6.0'

settings:
  autoInstallPeers: true
  excludeLinksFromLockfile: false

dependencies:
  '@mununki/ppx-spice':
    specifier: workspace:../
    version: link:..

devDependencies:
  rescript:
    specifier: 12.0.0
    version: 12.0.0

packages:

  /@rescript/darwin-arm64@12.0.0:
    resolution: {integrity: sha512-N2zNj/Uh0zrg8BJGWxdQjYTDf0d2ZV8D+Vmct8xORaUcEZvAkvZb+xA66UxP2QGhWmATcHmBth7oJ48xpWz/Vg==}
    engines: {node: '>=20.11.0'}
    cpu: [arm64]
    os: [darwin]
    requiresBuild: true
    dev: true
    optional: true

  /@rescript/darwin-x64@12.0.0:
    resolution: {integrity: sha512-Qx/ao3Fl2lx3rF8mbRsyRK5HGAx8pmzyCdpSIAaUun5wLBnsJbNqgvqUH7VeI2TwaczHvcIljrYmnB7T5LJdFQ==}
    engines: {node: '>=20.11.0'}
    cpu: [x64]
    os: [darwin]
    requiresBuild: true
    dev: true
    optional: true

  /@rescript/linux-arm64@12.0.0:
    resolution: {integrity: sha512-H65csj/0uqqjYy235m0h5CFxbrsas6RoVfjy5Xjf91Vyg/r5R/QIGQvhMtFvl4QojYsa1wXzXGcujwXh+S15xQ==}
    engines: {node: '>=20.11.0'}
    cpu: [arm64]
    os: [linux]
    requiresBuild: true
    dev: true
    optional: true

  /@rescript/linux-x64@12.0.0:
    resolution: {integrity: sha512-WizQwyfMadxF096foZYU3I4zxcnNIc9XP7TP4fqdfe0v6OvQ5yHMI/uIfOsJ1GfNALce2UxvgS0pn67uxc55uA==}
    engines: {node: '>=20.11.0'}
    cpu: [x64]
    os: [linux]
    requiresBuild: true
    dev: true
    optional: true

  /@rescript/runtime@12.0.0:
    resolution: {integrity: sha512-STRbYHT5rnW61vWn2+Bdtj620XaprnoBSbPbkvOYZ+Zs8nfqtpBjhNw+JNpGQLXf73crk6MhxFGPxL2o5vb8TQ==}
    dev: true

  /@rescript/win32-x64@12.0.0:
    resolution: {integrity: sha512-kkqj4kQGbni5YglWoPm76M6hUuzKJHDEiLce5EZxW2Q4FrkS9dNRgm02c2Ck1cz/uKCS3m+ZoKQGIMMXTvo5Jw==}
    engines: {node: '>=20.11.0'}
    cpu: [x64]
    os: [win32]
    requiresBuild: true
    dev: true
    optional: true

  /rescript@12.0.0:
    resolution: {integrity: sha512-DGcZI2L5W0c6FuEnspLE0MIe1UtTt1VsW/vQfzBFCEBxSsQtoA6YRHUB8Puwnb30PHqZiFK1ADhn6UgA8LWK0A==}
    engines: {node: '>=20.11.0'}
    hasBin: true
    dependencies:
      '@rescript/runtime': 12.0.0
    optionalDependencies:
      '@rescript/darwin-arm64': 12.0.0
      '@rescript/darwin-x64': 12.0.0
      '@rescript/linux-arm64': 12.0.0
      '@rescript/linux-x64': 12.0.0
      '@rescript/win32-x64': 12.0.0
    dev: true
