# THIS IS AN AUTOGENERATED FILE. DO NOT EDIT THIS FILE DIRECTLY.
# yarn lockfile v1


"@greenlabs/ppx-spice@next":
  version "0.1.9-rc1"
  resolved "https://registry.yarnpkg.com/@greenlabs/ppx-spice/-/ppx-spice-0.1.9-rc1.tgz#2caf36c2822eb658a7db3af14e2f4ee4da6c94b4"
  integrity sha512-A+932zrH2a/dFk71C0eJVWHYorg8osymD+4w8c7hk1xbR/ESom1wddiPqpLIQz+naF2UGnXZuOBYm0SouCc3IA==

rescript@^11.0.0-beta.2:
  version "11.0.0-beta.2"
  resolved "https://registry.yarnpkg.com/rescript/-/rescript-11.0.0-beta.2.tgz#f8be07efcd4aa0f0ab2487e9bec12c0590985b65"
  integrity sha512-Tcf72sR4EQ+eVMAwMWDSW5VPfg8YOS6bRJQ1Sf4u6jMy7Ui18mZyy0rusQmeq8vf2spgNulMcOw+HzQ9bEiz7g==
